
Microsoft Visual Studio Solution File, Format Version 12.00
# Visual Studio 15
VisualStudioVersion = 15.0.28307.421
MinimumVisualStudioVersion = 10.0.40219.1
Project("{FAE04EC0-301F-11D3-BF4B-00C04F79EFBC}") = "Lesson55_Upload_April1", "Lesson55_Upload_April1\Lesson55_Upload_April1.csproj", "{D8A0DD14-736A-4895-BEC1-B8A313665572}"
EndProject
Project("{FAE04EC0-301F-11D3-BF4B-00C04F79EFBC}") = "ClassLibrary1", "ClassLibrary1\ClassLibrary1.csproj", "{42DBC77C-6E11-426B-B3CF-875D1FC8E8A6}"
EndProject
Global
	GlobalSection(SolutionConfigurationPlatforms) = preSolution
		Debug|Any CPU = Debug|Any CPU
		Release|Any CPU = Release|Any CPU
	EndGlobalSection
	GlobalSection(ProjectConfigurationPlatforms) = postSolution
		{D8A0DD14-736A-4895-BEC1-B8A313665572}.Debug|Any CPU.ActiveCfg = Debug|Any CPU
		{D8A0DD14-736A-4895-BEC1-B8A313665572}.Debug|Any CPU.Build.0 = Debug|Any CPU
		{D8A0DD14-736A-4895-BEC1-B8A313665572}.Release|Any CPU.ActiveCfg = Release|Any CPU
		{D8A0DD14-736A-4895-BEC1-B8A313665572}.Release|Any CPU.Build.0 = Release|Any CPU
		{42DBC77C-6E11-426B-B3CF-875D1FC8E8A6}.Debug|Any CPU.ActiveCfg = Debug|Any CPU
		{42DBC77C-6E11-426B-B3CF-875D1FC8E8A6}.Debug|Any CPU.Build.0 = Debug|Any CPU
		{42DBC77C-6E11-426B-B3CF-875D1FC8E8A6}.Release|Any CPU.ActiveCfg = Release|Any CPU
		{42DBC77C-6E11-426B-B3CF-875D1FC8E8A6}.Release|Any CPU.Build.0 = Release|Any CPU
	EndGlobalSection
	GlobalSection(SolutionProperties) = preSolution
		HideSolutionNode = FALSE
	EndGlobalSection
	GlobalSection(ExtensibilityGlobals) = postSolution
		SolutionGuid = {4E009944-011B-4246-B5FE-A56EA1A63227}
	EndGlobalSection
EndGlobal
